
Microsoft Visual Studio Solution File, Format Version 12.00
# Visual Studio Version 17
VisualStudioVersion = 17.3.32825.248
MinimumVisualStudioVersion = 10.0.40219.1
Project("{FAE04EC0-301F-11D3-BF4B-00C04F79EFBC}") = "InfraStudio", "InfraStudio\InfraStudio.csproj", "{075A58E7-E4C1-4EF5-B03B-650B26F21C82}"
EndProject
Project("{FAE04EC0-301F-11D3-BF4B-00C04F79EFBC}") = "EasyCC", "EasyCC\EasyCC.csproj", "{219A46FE-7297-44BB-BDAE-AC0992DFE41A}"
EndProject
Project("{FAE04EC0-301F-11D3-BF4B-00C04F79EFBC}") = "InfraSetup", "InfraSetup\InfraSetup.csproj", "{2AD43A99-BD81-44EA-88F9-02EDD45276EC}"
EndProject
Project("{FAE04EC0-301F-11D3-BF4B-00C04F79EFBC}") = "InfraViewer", "InfraViewer\InfraViewer.csproj", "{6ABB5D75-C5C8-4743-90BC-6AC63C920975}"
EndProject
Project("{888888A0-9F3D-457C-B088-3A5042F75D52}") = "PyIRCA", "PyIRCA\PyIRCA.pyproj", "{1B409B2F-807F-4C5C-BA23-BDDED87E3F4F}"
EndProject
Global
	GlobalSection(SolutionConfigurationPlatforms) = preSolution
		Debug|Any CPU = Debug|Any CPU
		Release|Any CPU = Release|Any CPU
	EndGlobalSection
	GlobalSection(ProjectConfigurationPlatforms) = postSolution
		{075A58E7-E4C1-4EF5-B03B-650B26F21C82}.Debug|Any CPU.ActiveCfg = Debug|Any CPU
		{075A58E7-E4C1-4EF5-B03B-650B26F21C82}.Debug|Any CPU.Build.0 = Debug|Any CPU
		{075A58E7-E4C1-4EF5-B03B-650B26F21C82}.Release|Any CPU.ActiveCfg = Release|Any CPU
		{075A58E7-E4C1-4EF5-B03B-650B26F21C82}.Release|Any CPU.Build.0 = Release|Any CPU
		{219A46FE-7297-44BB-BDAE-AC0992DFE41A}.Debug|Any CPU.ActiveCfg = Debug|Any CPU
		{219A46FE-7297-44BB-BDAE-AC0992DFE41A}.Debug|Any CPU.Build.0 = Debug|Any CPU
		{219A46FE-7297-44BB-BDAE-AC0992DFE41A}.Release|Any CPU.ActiveCfg = Release|Any CPU
		{219A46FE-7297-44BB-BDAE-AC0992DFE41A}.Release|Any CPU.Build.0 = Release|Any CPU
		{2AD43A99-BD81-44EA-88F9-02EDD45276EC}.Debug|Any CPU.ActiveCfg = Debug|Any CPU
		{2AD43A99-BD81-44EA-88F9-02EDD45276EC}.Debug|Any CPU.Build.0 = Debug|Any CPU
		{2AD43A99-BD81-44EA-88F9-02EDD45276EC}.Release|Any CPU.ActiveCfg = Release|Any CPU
		{2AD43A99-BD81-44EA-88F9-02EDD45276EC}.Release|Any CPU.Build.0 = Release|Any CPU
		{6ABB5D75-C5C8-4743-90BC-6AC63C920975}.Debug|Any CPU.ActiveCfg = Debug|Any CPU
		{6ABB5D75-C5C8-4743-90BC-6AC63C920975}.Debug|Any CPU.Build.0 = Debug|Any CPU
		{6ABB5D75-C5C8-4743-90BC-6AC63C920975}.Release|Any CPU.ActiveCfg = Release|Any CPU
		{6ABB5D75-C5C8-4743-90BC-6AC63C920975}.Release|Any CPU.Build.0 = Release|Any CPU
		{1B409B2F-807F-4C5C-BA23-BDDED87E3F4F}.Debug|Any CPU.ActiveCfg = Debug|Any CPU
		{1B409B2F-807F-4C5C-BA23-BDDED87E3F4F}.Release|Any CPU.ActiveCfg = Release|Any CPU
	EndGlobalSection
	GlobalSection(SolutionProperties) = preSolution
		HideSolutionNode = FALSE
	EndGlobalSection
	GlobalSection(ExtensibilityGlobals) = postSolution
		SolutionGuid = {D38E4F78-14B0-45D5-AE68-0B2C02D7F87A}
	EndGlobalSection
EndGlobal
